
Microsoft Visual Studio Solution File, Format Version 12.00
# Visual Studio 15
VisualStudioVersion = 15.0.28307.645
MinimumVisualStudioVersion = 10.0.40219.1
Project("{FAE04EC0-301F-11D3-BF4B-00C04F79EFBC}") = "ReservaMysqlWinForms", "ReservaMysqlWinForms\ReservaMysqlWinForms.csproj", "{55668542-D71A-4884-81C6-097382535ECF}"
EndProject
Global
	GlobalSection(SolutionConfigurationPlatforms) = preSolution
		Debug|Any CPU = Debug|Any CPU
		Release|Any CPU = Release|Any CPU
	EndGlobalSection
	GlobalSection(ProjectConfigurationPlatforms) = postSolution
		{55668542-D71A-4884-81C6-097382535ECF}.Debug|Any CPU.ActiveCfg = Debug|Any CPU
		{55668542-D71A-4884-81C6-097382535ECF}.Debug|Any CPU.Build.0 = Debug|Any CPU
		{55668542-D71A-4884-81C6-097382535ECF}.Release|Any CPU.ActiveCfg = Release|Any CPU
		{55668542-D71A-4884-81C6-097382535ECF}.Release|Any CPU.Build.0 = Release|Any CPU
	EndGlobalSection
	GlobalSection(SolutionProperties) = preSolution
		HideSolutionNode = FALSE
	EndGlobalSection
	GlobalSection(ExtensibilityGlobals) = postSolution
		SolutionGuid = {9AA2B090-AA91-4434-9EB2-8A9A3726AA55}
	EndGlobalSection
EndGlobal
